
Microsoft Visual Studio Solution File, Format Version 12.00
# Visual Studio 15
VisualStudioVersion = 15.0.28010.2003
MinimumVisualStudioVersion = 10.0.40219.1
Project("{F184B08F-C81C-45F6-A57F-5ABD9991F28F}") = "ERP", "ERP\ERP.vbproj", "{ACA56E98-C83A-45C7-A735-A2F2C13FBA9F}"
EndProject
Project("{F184B08F-C81C-45F6-A57F-5ABD9991F28F}") = "DBM", "ClassLibrary2\DBM.vbproj", "{EADF1820-A739-400A-92DD-39677A4562D8}"
EndProject
Global
	GlobalSection(SolutionConfigurationPlatforms) = preSolution
		Debug|Any CPU = Debug|Any CPU
		Release|Any CPU = Release|Any CPU
	EndGlobalSection
	GlobalSection(ProjectConfigurationPlatforms) = postSolution
		{ACA56E98-C83A-45C7-A735-A2F2C13FBA9F}.Debug|Any CPU.ActiveCfg = Debug|Any CPU
		{ACA56E98-C83A-45C7-A735-A2F2C13FBA9F}.Debug|Any CPU.Build.0 = Debug|Any CPU
		{ACA56E98-C83A-45C7-A735-A2F2C13FBA9F}.Release|Any CPU.ActiveCfg = Release|Any CPU
		{ACA56E98-C83A-45C7-A735-A2F2C13FBA9F}.Release|Any CPU.Build.0 = Release|Any CPU
		{EADF1820-A739-400A-92DD-39677A4562D8}.Debug|Any CPU.ActiveCfg = Debug|Any CPU
		{EADF1820-A739-400A-92DD-39677A4562D8}.Debug|Any CPU.Build.0 = Debug|Any CPU
		{EADF1820-A739-400A-92DD-39677A4562D8}.Release|Any CPU.ActiveCfg = Release|Any CPU
		{EADF1820-A739-400A-92DD-39677A4562D8}.Release|Any CPU.Build.0 = Release|Any CPU
	EndGlobalSection
	GlobalSection(SolutionProperties) = preSolution
		HideSolutionNode = FALSE
	EndGlobalSection
	GlobalSection(ExtensibilityGlobals) = postSolution
		SolutionGuid = {AFB85CB6-AAB7-4EDD-B9BD-A84BDB6CCC19}
	EndGlobalSection
EndGlobal
